
Microsoft Visual Studio Solution File, Format Version 12.00
# Visual Studio Version 16
VisualStudioVersion = 16.0.31321.278
MinimumVisualStudioVersion = 10.0.40219.1
Project("{9A19103F-16F7-4668-BE54-9A1E7A4F7556}") = "AutoSpeedControl", "AutoSpeedControl\AutoSpeedControl.csproj", "{4BA37A8D-7C0A-4420-9DCE-37DF04B5BFDC}"
EndProject
Project("{9A19103F-16F7-4668-BE54-9A1E7A4F7556}") = "AutoSpeedControlGrpc", "AutoSpeedControlGrpc\AutoSpeedControlGrpc.csproj", "{09F30833-C45E-42AF-ACC8-FA1192EDD225}"
EndProject
Project("{FAE04EC0-301F-11D3-BF4B-00C04F79EFBC}") = "TestClient", "TestClient\TestClient.csproj", "{75AAE3D7-5287-435A-91A7-20F1FAE87C91}"
EndProject
Global
	GlobalSection(SolutionConfigurationPlatforms) = preSolution
		Debug|Any CPU = Debug|Any CPU
		Release|Any CPU = Release|Any CPU
	EndGlobalSection
	GlobalSection(ProjectConfigurationPlatforms) = postSolution
		{4BA37A8D-7C0A-4420-9DCE-37DF04B5BFDC}.Debug|Any CPU.ActiveCfg = Debug|Any CPU
		{4BA37A8D-7C0A-4420-9DCE-37DF04B5BFDC}.Debug|Any CPU.Build.0 = Debug|Any CPU
		{4BA37A8D-7C0A-4420-9DCE-37DF04B5BFDC}.Release|Any CPU.ActiveCfg = Release|Any CPU
		{4BA37A8D-7C0A-4420-9DCE-37DF04B5BFDC}.Release|Any CPU.Build.0 = Release|Any CPU
		{09F30833-C45E-42AF-ACC8-FA1192EDD225}.Debug|Any CPU.ActiveCfg = Debug|Any CPU
		{09F30833-C45E-42AF-ACC8-FA1192EDD225}.Debug|Any CPU.Build.0 = Debug|Any CPU
		{09F30833-C45E-42AF-ACC8-FA1192EDD225}.Release|Any CPU.ActiveCfg = Release|Any CPU
		{09F30833-C45E-42AF-ACC8-FA1192EDD225}.Release|Any CPU.Build.0 = Release|Any CPU
		{75AAE3D7-5287-435A-91A7-20F1FAE87C91}.Debug|Any CPU.ActiveCfg = Debug|Any CPU
		{75AAE3D7-5287-435A-91A7-20F1FAE87C91}.Debug|Any CPU.Build.0 = Debug|Any CPU
		{75AAE3D7-5287-435A-91A7-20F1FAE87C91}.Release|Any CPU.ActiveCfg = Release|Any CPU
		{75AAE3D7-5287-435A-91A7-20F1FAE87C91}.Release|Any CPU.Build.0 = Release|Any CPU
	EndGlobalSection
	GlobalSection(SolutionProperties) = preSolution
		HideSolutionNode = FALSE
	EndGlobalSection
	GlobalSection(ExtensibilityGlobals) = postSolution
		SolutionGuid = {585CDAA4-6448-44B3-BDCA-F0833E5A0721}
	EndGlobalSection
EndGlobal
